
Microsoft Visual Studio Solution File, Format Version 12.00
# Visual Studio 15
VisualStudioVersion = 15.0.27703.2000
MinimumVisualStudioVersion = 10.0.40219.1
Project("{FAE04EC0-301F-11D3-BF4B-00C04F79EFBC}") = "HackerRank", "HackerRank.csproj", "{F4184192-9A92-4B23-97A9-4AE613127A05}"
EndProject
Project("{FAE04EC0-301F-11D3-BF4B-00C04F79EFBC}") = "HackerRankTest", "HackerRankTest\HackerRankTest.csproj", "{F2583CE7-4B5C-483D-8812-33150E20C83A}"
EndProject
Global
	GlobalSection(SolutionConfigurationPlatforms) = preSolution
		Debug|Any CPU = Debug|Any CPU
		Release|Any CPU = Release|Any CPU
	EndGlobalSection
	GlobalSection(ProjectConfigurationPlatforms) = postSolution
		{F4184192-9A92-4B23-97A9-4AE613127A05}.Debug|Any CPU.ActiveCfg = Debug|Any CPU
		{F4184192-9A92-4B23-97A9-4AE613127A05}.Debug|Any CPU.Build.0 = Debug|Any CPU
		{F4184192-9A92-4B23-97A9-4AE613127A05}.Release|Any CPU.ActiveCfg = Release|Any CPU
		{F4184192-9A92-4B23-97A9-4AE613127A05}.Release|Any CPU.Build.0 = Release|Any CPU
		{F2583CE7-4B5C-483D-8812-33150E20C83A}.Debug|Any CPU.ActiveCfg = Debug|Any CPU
		{F2583CE7-4B5C-483D-8812-33150E20C83A}.Debug|Any CPU.Build.0 = Debug|Any CPU
		{F2583CE7-4B5C-483D-8812-33150E20C83A}.Release|Any CPU.ActiveCfg = Release|Any CPU
		{F2583CE7-4B5C-483D-8812-33150E20C83A}.Release|Any CPU.Build.0 = Release|Any CPU
	EndGlobalSection
	GlobalSection(SolutionProperties) = preSolution
		HideSolutionNode = FALSE
	EndGlobalSection
	GlobalSection(ExtensibilityGlobals) = postSolution
		SolutionGuid = {89288ED2-851B-4497-962D-36835883FA76}
	EndGlobalSection
EndGlobal
